langcode: en
status: true
dependencies:
  module:
    - block_user
  theme:
    - euro_digital_admin
id: userinfoblock
theme: euro_digital_admin
region: header
weight: -6
provider: null
plugin: block_user_info
settings:
  id: block_user_info
  label: 'User Info Block'
  provider: block_user
  label_display: '0'
  target: current
  view_mode: compact
  user: null
  class: ''
visibility: {  }
